
Microsoft Visual Studio Solution File, Format Version 12.00
Project("{FAE04EC0-301F-11D3-BF4B-00C04F79EFBC}") = "ReporterCode", "ReporterCode\ReporterCode.csproj", "{4BB7D380-8191-48C1-8B27-A11EA48C40C6}"
EndProject
Global
	GlobalSection(SolutionConfigurationPlatforms) = preSolution
		Debug|Any CPU = Debug|Any CPU
		Release|Any CPU = Release|Any CPU
	EndGlobalSection
	GlobalSection(ProjectConfigurationPlatforms) = postSolution
		{4BB7D380-8191-48C1-8B27-A11EA48C40C6}.Debug|Any CPU.ActiveCfg = Debug|Any CPU
		{4BB7D380-8191-48C1-8B27-A11EA48C40C6}.Debug|Any CPU.Build.0 = Debug|Any CPU
		{4BB7D380-8191-48C1-8B27-A11EA48C40C6}.Release|Any CPU.ActiveCfg = Release|Any CPU
		{4BB7D380-8191-48C1-8B27-A11EA48C40C6}.Release|Any CPU.Build.0 = Release|Any CPU
	EndGlobalSection
EndGlobal
